
Microsoft Visual Studio Solution File, Format Version 12.00
# Visual Studio Version 17
VisualStudioVersion = 17.9.34728.123
MinimumVisualStudioVersion = 10.0.40219.1
Project("{9A19103F-16F7-4668-BE54-9A1E7A4F7556}") = "API", "API.csproj", "{4ABB6579-06CE-41F7-8A8C-C6E458D104AA}"
EndProject
Project("{FAE04EC0-301F-11D3-BF4B-00C04F79EFBC}") = "Tests", "..\Tests\Tests.csproj", "{74D25E7A-CA9A-46D1-BBE1-D623DD75A22D}"
	ProjectSection(ProjectDependencies) = postProject
		{4ABB6579-06CE-41F7-8A8C-C6E458D104AA} = {4ABB6579-06CE-41F7-8A8C-C6E458D104AA}
	EndProjectSection
EndProject
Global
	GlobalSection(SolutionConfigurationPlatforms) = preSolution
		Debug|Any CPU = Debug|Any CPU
		Release|Any CPU = Release|Any CPU
	EndGlobalSection
	GlobalSection(ProjectConfigurationPlatforms) = postSolution
		{4ABB6579-06CE-41F7-8A8C-C6E458D104AA}.Debug|Any CPU.ActiveCfg = Debug|Any CPU
		{4ABB6579-06CE-41F7-8A8C-C6E458D104AA}.Debug|Any CPU.Build.0 = Debug|Any CPU
		{4ABB6579-06CE-41F7-8A8C-C6E458D104AA}.Release|Any CPU.ActiveCfg = Release|Any CPU
		{4ABB6579-06CE-41F7-8A8C-C6E458D104AA}.Release|Any CPU.Build.0 = Release|Any CPU
		{74D25E7A-CA9A-46D1-BBE1-D623DD75A22D}.Debug|Any CPU.ActiveCfg = Debug|Any CPU
		{74D25E7A-CA9A-46D1-BBE1-D623DD75A22D}.Debug|Any CPU.Build.0 = Debug|Any CPU
		{74D25E7A-CA9A-46D1-BBE1-D623DD75A22D}.Release|Any CPU.ActiveCfg = Release|Any CPU
		{74D25E7A-CA9A-46D1-BBE1-D623DD75A22D}.Release|Any CPU.Build.0 = Release|Any CPU
	EndGlobalSection
	GlobalSection(SolutionProperties) = preSolution
		HideSolutionNode = FALSE
	EndGlobalSection
	GlobalSection(ExtensibilityGlobals) = postSolution
		SolutionGuid = {38BDF8A5-BC7E-435F-9522-4F69147514C6}
	EndGlobalSection
EndGlobal
